
Microsoft Visual Studio Solution File, Format Version 12.00
# Visual Studio Version 16
VisualStudioVersion = 16.0.31515.178
MinimumVisualStudioVersion = 10.0.40219.1
Project("{FAE04EC0-301F-11D3-BF4B-00C04F79EFBC}") = "ByteBank", "ByteBank\ByteBank.csproj", "{95A39865-B9A4-401E-B345-C9E64358D084}"
EndProject
Global
	GlobalSection(SolutionConfigurationPlatforms) = preSolution
		Debug|Any CPU = Debug|Any CPU
		Release|Any CPU = Release|Any CPU
	EndGlobalSection
	GlobalSection(ProjectConfigurationPlatforms) = postSolution
		{95A39865-B9A4-401E-B345-C9E64358D084}.Debug|Any CPU.ActiveCfg = Debug|Any CPU
		{95A39865-B9A4-401E-B345-C9E64358D084}.Debug|Any CPU.Build.0 = Debug|Any CPU
		{95A39865-B9A4-401E-B345-C9E64358D084}.Release|Any CPU.ActiveCfg = Release|Any CPU
		{95A39865-B9A4-401E-B345-C9E64358D084}.Release|Any CPU.Build.0 = Release|Any CPU
	EndGlobalSection
	GlobalSection(SolutionProperties) = preSolution
		HideSolutionNode = FALSE
	EndGlobalSection
	GlobalSection(ExtensibilityGlobals) = postSolution
		SolutionGuid = {ED8D62ED-7025-4190-A7A8-DEA145CE9A28}
	EndGlobalSection
EndGlobal
